
Microsoft Visual Studio Solution File, Format Version 12.00
# Visual Studio Version 16
VisualStudioVersion = 16.0.29102.190
MinimumVisualStudioVersion = 10.0.40219.1
Project("{9A19103F-16F7-4668-BE54-9A1E7A4F7556}") = "CityInfo.API", "CityInfo.API.csproj", "{DE17F2FA-9469-4903-B0CD-8CE8D87F8A33}"
EndProject
Project("{2150E333-8FDC-42A3-9474-1A3956D46DE8}") = "scr", "scr", "{926FEEBD-9E67-4E12-8802-471F3C1E8254}"
EndProject
Global
	GlobalSection(SolutionConfigurationPlatforms) = preSolution
		Debug|Any CPU = Debug|Any CPU
		Release|Any CPU = Release|Any CPU
	EndGlobalSection
	GlobalSection(ProjectConfigurationPlatforms) = postSolution
		{DE17F2FA-9469-4903-B0CD-8CE8D87F8A33}.Debug|Any CPU.ActiveCfg = Debug|Any CPU
		{DE17F2FA-9469-4903-B0CD-8CE8D87F8A33}.Debug|Any CPU.Build.0 = Debug|Any CPU
		{DE17F2FA-9469-4903-B0CD-8CE8D87F8A33}.Release|Any CPU.ActiveCfg = Release|Any CPU
		{DE17F2FA-9469-4903-B0CD-8CE8D87F8A33}.Release|Any CPU.Build.0 = Release|Any CPU
	EndGlobalSection
	GlobalSection(SolutionProperties) = preSolution
		HideSolutionNode = FALSE
	EndGlobalSection
	GlobalSection(NestedProjects) = preSolution
		{DE17F2FA-9469-4903-B0CD-8CE8D87F8A33} = {926FEEBD-9E67-4E12-8802-471F3C1E8254}
	EndGlobalSection
	GlobalSection(ExtensibilityGlobals) = postSolution
		SolutionGuid = {39F12312-DFD3-4FF3-91D7-B7AFDA65BA1B}
	EndGlobalSection
EndGlobal
